
Microsoft Visual Studio Solution File, Format Version 12.00
# Visual Studio Version 17
VisualStudioVersion = 17.9.34714.143
MinimumVisualStudioVersion = 10.0.40219.1
Project("{FAE04EC0-301F-11D3-BF4B-00C04F79EFBC}") = "EjercicioPractico", "EjercicioPractico\EjercicioPractico.csproj", "{A0149A5E-5CAF-45E5-AB44-806573112792}"
EndProject
Project("{FAE04EC0-301F-11D3-BF4B-00C04F79EFBC}") = "AccesoDatos", "AccesoDatos\AccesoDatos.csproj", "{5D418166-867B-4A61-9625-0474CDB7AF10}"
EndProject
Global
	GlobalSection(SolutionConfigurationPlatforms) = preSolution
		Debug|Any CPU = Debug|Any CPU
		Release|Any CPU = Release|Any CPU
	EndGlobalSection
	GlobalSection(ProjectConfigurationPlatforms) = postSolution
		{A0149A5E-5CAF-45E5-AB44-806573112792}.Debug|Any CPU.ActiveCfg = Debug|Any CPU
		{A0149A5E-5CAF-45E5-AB44-806573112792}.Debug|Any CPU.Build.0 = Debug|Any CPU
		{A0149A5E-5CAF-45E5-AB44-806573112792}.Release|Any CPU.ActiveCfg = Release|Any CPU
		{A0149A5E-5CAF-45E5-AB44-806573112792}.Release|Any CPU.Build.0 = Release|Any CPU
		{5D418166-867B-4A61-9625-0474CDB7AF10}.Debug|Any CPU.ActiveCfg = Debug|Any CPU
		{5D418166-867B-4A61-9625-0474CDB7AF10}.Debug|Any CPU.Build.0 = Debug|Any CPU
		{5D418166-867B-4A61-9625-0474CDB7AF10}.Release|Any CPU.ActiveCfg = Release|Any CPU
		{5D418166-867B-4A61-9625-0474CDB7AF10}.Release|Any CPU.Build.0 = Release|Any CPU
	EndGlobalSection
	GlobalSection(SolutionProperties) = preSolution
		HideSolutionNode = FALSE
	EndGlobalSection
	GlobalSection(ExtensibilityGlobals) = postSolution
		SolutionGuid = {61EA866C-D729-4F1B-9ADB-5813F0B5C28A}
	EndGlobalSection
EndGlobal
